
Microsoft Visual Studio Solution File, Format Version 12.00
# Visual Studio 15
VisualStudioVersion = 15.0.27703.2035
MinimumVisualStudioVersion = 10.0.40219.1
Project("{FAE04EC0-301F-11D3-BF4B-00C04F79EFBC}") = "CashRegister", "CashRegister\CashRegister.csproj", "{B60E4593-D83C-44A5-8D58-82057AB420FE}"
EndProject
Global
	GlobalSection(SolutionConfigurationPlatforms) = preSolution
		Debug|Any CPU = Debug|Any CPU
		Release|Any CPU = Release|Any CPU
	EndGlobalSection
	GlobalSection(ProjectConfigurationPlatforms) = postSolution
		{B60E4593-D83C-44A5-8D58-82057AB420FE}.Debug|Any CPU.ActiveCfg = Debug|Any CPU
		{B60E4593-D83C-44A5-8D58-82057AB420FE}.Debug|Any CPU.Build.0 = Debug|Any CPU
		{B60E4593-D83C-44A5-8D58-82057AB420FE}.Release|Any CPU.ActiveCfg = Release|Any CPU
		{B60E4593-D83C-44A5-8D58-82057AB420FE}.Release|Any CPU.Build.0 = Release|Any CPU
	EndGlobalSection
	GlobalSection(SolutionProperties) = preSolution
		HideSolutionNode = FALSE
	EndGlobalSection
	GlobalSection(ExtensibilityGlobals) = postSolution
		SolutionGuid = {46075192-5C6F-43C9-97C7-FACB585A28F6}
	EndGlobalSection
EndGlobal
